
Microsoft Visual Studio Solution File, Format Version 12.00
# Visual Studio Version 17
VisualStudioVersion = 17.1.32421.90
MinimumVisualStudioVersion = 10.0.40219.1
Project("{FAE04EC0-301F-11D3-BF4B-00C04F79EFBC}") = "Test6", "Test6.csproj", "{DF12AC09-1F0B-4D64-BCAB-FB49D9DA67F1}"
EndProject
Global
	GlobalSection(SolutionConfigurationPlatforms) = preSolution
		Debug|Any CPU = Debug|Any CPU
		Release|Any CPU = Release|Any CPU
	EndGlobalSection
	GlobalSection(ProjectConfigurationPlatforms) = postSolution
		{DF12AC09-1F0B-4D64-BCAB-FB49D9DA67F1}.Debug|Any CPU.ActiveCfg = Debug|Any CPU
		{DF12AC09-1F0B-4D64-BCAB-FB49D9DA67F1}.Debug|Any CPU.Build.0 = Debug|Any CPU
		{DF12AC09-1F0B-4D64-BCAB-FB49D9DA67F1}.Release|Any CPU.ActiveCfg = Release|Any CPU
		{DF12AC09-1F0B-4D64-BCAB-FB49D9DA67F1}.Release|Any CPU.Build.0 = Release|Any CPU
	EndGlobalSection
	GlobalSection(SolutionProperties) = preSolution
		HideSolutionNode = FALSE
	EndGlobalSection
	GlobalSection(ExtensibilityGlobals) = postSolution
		SolutionGuid = {9C3D3A63-8C04-4F31-9C4B-0D6ECBB2C1C7}
	EndGlobalSection
EndGlobal
